// !$*UTF8*$!
{
	archiveVersion = 1;
	classes = {
	};
	objectVersion = 46;
	objects = {

/* Begin PBXBuildFile section */
		1E118A7F1D424063000BDE12 /* EstadisticasModel.swift in Sources */ = {isa = PBXBuildFile; fileRef = 1E118A7E1D424063000BDE12 /* EstadisticasModel.swift */; };
		1E118A811D42465F000BDE12 /* Estadisticas.plist in Resources */ = {isa = PBXBuildFile; fileRef = 1E118A801D42465F000BDE12 /* Estadisticas.plist */; };
		1E1A2D951D47586B00CABEFA /* CatxCeldaEstadisticas.xib in Resources */ = {isa = PBXBuildFile; fileRef = 1E1A2D941D47586B00CABEFA /* CatxCeldaEstadisticas.xib */; };
		1E1A2D971D47589500CABEFA /* CatxCeldaEstadisticas.swift in Sources */ = {isa = PBXBuildFile; fileRef = 1E1A2D961D47589500CABEFA /* CatxCeldaEstadisticas.swift */; };
		1E5424C11D3F8DD700C14619 /* Reachability.swift in Sources */ = {isa = PBXBuildFile; fileRef = 1E5424C01D3F8DD700C14619 /* Reachability.swift */; };
		1E57BBFE1D423DF400707E6D /* CatxEstadisticas.swift in Sources */ = {isa = PBXBuildFile; fileRef = 1E57BBFD1D423DF400707E6D /* CatxEstadisticas.swift */; };
		1E5817651D351F55004C0FC0 /* AppDelegate.swift in Sources */ = {isa = PBXBuildFile; fileRef = 1E5817641D351F55004C0FC0 /* AppDelegate.swift */; };
		1E5817671D351F55004C0FC0 /* ViewController.swift in Sources */ = {isa = PBXBuildFile; fileRef = 1E5817661D351F55004C0FC0 /* ViewController.swift */; };
		1E58176A1D351F55004C0FC0 /* Main.storyboard in Resources */ = {isa = PBXBuildFile; fileRef = 1E5817681D351F55004C0FC0 /* Main.storyboard */; };
		1E58176C1D351F55004C0FC0 /* Assets.xcassets in Resources */ = {isa = PBXBuildFile; fileRef = 1E58176B1D351F55004C0FC0 /* Assets.xcassets */; };
		1E58176F1D351F55004C0FC0 /* LaunchScreen.storyboard in Resources */ = {isa = PBXBuildFile; fileRef = 1E58176D1D351F55004C0FC0 /* LaunchScreen.storyboard */; };
		1E58177A1D351F55004C0FC0 /* CatenaxioTests.swift in Sources */ = {isa = PBXBuildFile; fileRef = 1E5817791D351F55004C0FC0 /* CatenaxioTests.swift */; };
		1E5817851D351F55004C0FC0 /* CatenaxioUITests.swift in Sources */ = {isa = PBXBuildFile; fileRef = 1E5817841D351F55004C0FC0 /* CatenaxioUITests.swift */; };
		1E5C31471D489E4E00FAB93F /* GoogleService-Info.plist in Resources */ = {isa = PBXBuildFile; fileRef = 1E5C31461D489E4E00FAB93F /* GoogleService-Info.plist */; };
		1E99E19A1D476D7100E1D355 /* CatxHeaderEstadisticas.swift in Sources */ = {isa = PBXBuildFile; fileRef = 1E99E1991D476D7100E1D355 /* CatxHeaderEstadisticas.swift */; };
		1E99E19C1D476D8100E1D355 /* CatxHeaderEstadisticas.xib in Resources */ = {isa = PBXBuildFile; fileRef = 1E99E19B1D476D8100E1D355 /* CatxHeaderEstadisticas.xib */; };
		1E99E19F1D4772A000E1D355 /* CatxImagenJugador.swift in Sources */ = {isa = PBXBuildFile; fileRef = 1E99E19E1D4772A000E1D355 /* CatxImagenJugador.swift */; };
		1EB9C5141D3F7641009DC3C8 /* CalendarioModeloFirebase.swift in Sources */ = {isa = PBXBuildFile; fileRef = 1EB9C5131D3F7641009DC3C8 /* CalendarioModeloFirebase.swift */; };
		1ED133461D4A000400E5877E /* CatxClasificacion.swift in Sources */ = {isa = PBXBuildFile; fileRef = 1ED133441D4A000400E5877E /* CatxClasificacion.swift */; };
		1EDF170A1D3E1D6100A34935 /* CatxTabBarController.swift in Sources */ = {isa = PBXBuildFile; fileRef = 1EDF17091D3E1D6100A34935 /* CatxTabBarController.swift */; };
		1EDF170D1D3E228200A34935 /* CatxCalendario.swift in Sources */ = {isa = PBXBuildFile; fileRef = 1EDF170C1D3E228200A34935 /* CatxCalendario.swift */; };
		1EDF17121D3E234C00A34935 /* CatxCeldaCalendario.swift in Sources */ = {isa = PBXBuildFile; fileRef = 1EDF17101D3E234C00A34935 /* CatxCeldaCalendario.swift */; };
		1EDF17131D3E234C00A34935 /* CatxCeldaCalendario.xib in Resources */ = {isa = PBXBuildFile; fileRef = 1EDF17111D3E234C00A34935 /* CatxCeldaCalendario.xib */; };
		1EDF17161D3E27DB00A34935 /* Calendario.plist in Resources */ = {isa = PBXBuildFile; fileRef = 1EDF17151D3E27DB00A34935 /* Calendario.plist */; };
		1EDF17181D3E2BCD00A34935 /* CalendarioModel.swift in Sources */ = {isa = PBXBuildFile; fileRef = 1EDF17171D3E2BCD00A34935 /* CalendarioModel.swift */; };
		21C340461D4E09C3007B85D7 /* CatxWebGrafica.swift in Sources */ = {isa = PBXBuildFile; fileRef = 21C340441D4E09C3007B85D7 /* CatxWebGrafica.swift */; };
		21C340471D4E09C3007B85D7 /* CatxWebGrafica.xib in Resources */ = {isa = PBXBuildFile; fileRef = 21C340451D4E09C3007B85D7 /* CatxWebGrafica.xib */; };
		21C3404A1D4E0DBC007B85D7 /* ejemplo3.html in Resources */ = {isa = PBXBuildFile; fileRef = 21C340491D4E0DBC007B85D7 /* ejemplo3.html */; };
		21C3404C1D4E0FDD007B85D7 /* ejemplo2.html in Resources */ = {isa = PBXBuildFile; fileRef = 21C3404B1D4E0FDD007B85D7 /* ejemplo2.html */; };
		DFF8A923070808A2EA0A7A94 /* libPods-Catenaxio.a in Frameworks */ = {isa = PBXBuildFile; fileRef = E8187ED9C3CA52807DC92023 /* libPods-Catenaxio.a */; };
/* End PBXBuildFile section */

/* Begin PBXContainerItemProxy section */
		1E5817761D351F55004C0FC0 /* PBXContainerItemProxy */ = {
			isa = PBXContainerItemProxy;
			containerPortal = 1E5817591D351F55004C0FC0 /* Project object */;
			proxyType = 1;
			remoteGlobalIDString = 1E5817601D351F55004C0FC0;
			remoteInfo = Catenaxio;
		};
		1E5817811D351F55004C0FC0 /* PBXContainerItemProxy */ = {
			isa = PBXContainerItemProxy;
			containerPortal = 1E5817591D351F55004C0FC0 /* Project object */;
			proxyType = 1;
			remoteGlobalIDString = 1E5817601D351F55004C0FC0;
			remoteInfo = Catenaxio;
		};
/* End PBXContainerItemProxy section */

/* Begin PBXFileReference section */
		1E118A7E1D424063000BDE12 /* EstadisticasModel.swift */ = {isa = PBXFileReference; fileEncoding = 4; lastKnownFileType = sourcecode.swift; path = EstadisticasModel.swift; sourceTree = "<group>"; };
		1E118A801D42465F000BDE12 /* Estadisticas.plist */ = {isa = PBXFileReference; fileEncoding = 4; lastKnownFileType = text.plist.xml; path = Estadisticas.plist; sourceTree = "<group>"; };
		1E1A2D941D47586B00CABEFA /* CatxCeldaEstadisticas.xib */ = {isa = PBXFileReference; fileEncoding = 4; lastKnownFileType = file.xib; path = CatxCeldaEstadisticas.xib; sourceTree = "<group>"; };
		1E1A2D961D47589500CABEFA /* CatxCeldaEstadisticas.swift */ = {isa = PBXFileReference; fileEncoding = 4; lastKnownFileType = sourcecode.swift; path = CatxCeldaEstadisticas.swift; sourceTree = "<group>"; };
		1E5424C01D3F8DD700C14619 /* Reachability.swift */ = {isa = PBXFileReference; fileEncoding = 4; lastKnownFileType = sourcecode.swift; path = Reachability.swift; sourceTree = "<group>"; };
		1E57BBFD1D423DF400707E6D /* CatxEstadisticas.swift */ = {isa = PBXFileReference; fileEncoding = 4; lastKnownFileType = sourcecode.swift; path = CatxEstadisticas.swift; sourceTree = "<group>"; };
		1E5817611D351F55004C0FC0 /* Catenaxio.app */ = {isa = PBXFileReference; explicitFileType = wrapper.application; includeInIndex = 0; path = Catenaxio.app; sourceTree = BUILT_PRODUCTS_DIR; };
		1E5817641D351F55004C0FC0 /* AppDelegate.swift */ = {isa = PBXFileReference; lastKnownFileType = sourcecode.swift; path = AppDelegate.swift; sourceTree = "<group>"; };
		1E5817661D351F55004C0FC0 /* ViewController.swift */ = {isa = PBXFileReference; lastKnownFileType = sourcecode.swift; path = ViewController.swift; sourceTree = "<group>"; };
		1E5817691D351F55004C0FC0 /* Base */ = {isa = PBXFileReference; lastKnownFileType = file.storyboard; name = Base; path = Base.lproj/Main.storyboard; sourceTree = "<group>"; };
		1E58176B1D351F55004C0FC0 /* Assets.xcassets */ = {isa = PBXFileReference; lastKnownFileType = folder.assetcatalog; path = Assets.xcassets; sourceTree = "<group>"; };
		1E58176E1D351F55004C0FC0 /* Base */ = {isa = PBXFileReference; lastKnownFileType = file.storyboard; name = Base; path = Base.lproj/LaunchScreen.storyboard; sourceTree = "<group>"; };
		1E5817701D351F55004C0FC0 /* Info.plist */ = {isa = PBXFileReference; lastKnownFileType = text.plist.xml; path = Info.plist; sourceTree = "<group>"; };
		1E5817751D351F55004C0FC0 /* CatenaxioTests.xctest */ = {isa = PBXFileReference; explicitFileType = wrapper.cfbundle; includeInIndex = 0; path = CatenaxioTests.xctest; sourceTree = BUILT_PRODUCTS_DIR; };
		1E5817791D351F55004C0FC0 /* CatenaxioTests.swift */ = {isa = PBXFileReference; lastKnownFileType = sourcecode.swift; path = CatenaxioTests.swift; sourceTree = "<group>"; };
		1E58177B1D351F55004C0FC0 /* Info.plist */ = {isa = PBXFileReference; lastKnownFileType = text.plist.xml; path = Info.plist; sourceTree = "<group>"; };
		1E5817801D351F55004C0FC0 /* CatenaxioUITests.xctest */ = {isa = PBXFileReference; explicitFileType = wrapper.cfbundle; includeInIndex = 0; path = CatenaxioUITests.xctest; sourceTree = BUILT_PRODUCTS_DIR; };
		1E5817841D351F55004C0FC0 /* CatenaxioUITests.swift */ = {isa = PBXFileReference; lastKnownFileType = sourcecode.swift; path = CatenaxioUITests.swift; sourceTree = "<group>"; };
		1E5817861D351F55004C0FC0 /* Info.plist */ = {isa = PBXFileReference; lastKnownFileType = text.plist.xml; path = Info.plist; sourceTree = "<group>"; };
		1E5C31461D489E4E00FAB93F /* GoogleService-Info.plist */ = {isa = PBXFileReference; fileEncoding = 4; lastKnownFileType = text.plist.xml; path = "GoogleService-Info.plist"; sourceTree = "<group>"; };
		1E99E1991D476D7100E1D355 /* CatxHeaderEstadisticas.swift */ = {isa = PBXFileReference; fileEncoding = 4; lastKnownFileType = sourcecode.swift; path = CatxHeaderEstadisticas.swift; sourceTree = "<group>"; };
		1E99E19B1D476D8100E1D355 /* CatxHeaderEstadisticas.xib */ = {isa = PBXFileReference; fileEncoding = 4; lastKnownFileType = file.xib; path = CatxHeaderEstadisticas.xib; sourceTree = "<group>"; };
		1E99E19E1D4772A000E1D355 /* CatxImagenJugador.swift */ = {isa = PBXFileReference; fileEncoding = 4; lastKnownFileType = sourcecode.swift; path = CatxImagenJugador.swift; sourceTree = "<group>"; };
		1EB9C5131D3F7641009DC3C8 /* CalendarioModeloFirebase.swift */ = {isa = PBXFileReference; fileEncoding = 4; lastKnownFileType = sourcecode.swift; path = CalendarioModeloFirebase.swift; sourceTree = "<group>"; };
		1ED133441D4A000400E5877E /* CatxClasificacion.swift */ = {isa = PBXFileReference; fileEncoding = 4; lastKnownFileType = sourcecode.swift; path = CatxClasificacion.swift; sourceTree = "<group>"; };
		1EDF17091D3E1D6100A34935 /* CatxTabBarController.swift */ = {isa = PBXFileReference; fileEncoding = 4; lastKnownFileType = sourcecode.swift; path = CatxTabBarController.swift; sourceTree = "<group>"; };
		1EDF170C1D3E228200A34935 /* CatxCalendario.swift */ = {isa = PBXFileReference; fileEncoding = 4; lastKnownFileType = sourcecode.swift; path = CatxCalendario.swift; sourceTree = "<group>"; };
		1EDF17101D3E234C00A34935 /* CatxCeldaCalendario.swift */ = {isa = PBXFileReference; fileEncoding = 4; lastKnownFileType = sourcecode.swift; path = CatxCeldaCalendario.swift; sourceTree = "<group>"; };
		1EDF17111D3E234C00A34935 /* CatxCeldaCalendario.xib */ = {isa = PBXFileReference; fileEncoding = 4; lastKnownFileType = file.xib; path = CatxCeldaCalendario.xib; sourceTree = "<group>"; };
		1EDF17151D3E27DB00A34935 /* Calendario.plist */ = {isa = PBXFileReference; fileEncoding = 4; lastKnownFileType = text.plist.xml; path = Calendario.plist; sourceTree = "<group>"; };
		1EDF17171D3E2BCD00A34935 /* CalendarioModel.swift */ = {isa = PBXFileReference; fileEncoding = 4; lastKnownFileType = sourcecode.swift; path = CalendarioModel.swift; sourceTree = "<group>"; };
		21C340441D4E09C3007B85D7 /* CatxWebGrafica.swift */ = {isa = PBXFileReference; fileEncoding = 4; lastKnownFileType = sourcecode.swift; path = CatxWebGrafica.swift; sourceTree = "<group>"; };
		21C340451D4E09C3007B85D7 /* CatxWebGrafica.xib */ = {isa = PBXFileReference; fileEncoding = 4; lastKnownFileType = file.xib; path = CatxWebGrafica.xib; sourceTree = "<group>"; };
		21C340491D4E0DBC007B85D7 /* ejemplo3.html */ = {isa = PBXFileReference; fileEncoding = 4; lastKnownFileType = text.html; path = ejemplo3.html; sourceTree = "<group>"; };
		21C3404B1D4E0FDD007B85D7 /* ejemplo2.html */ = {isa = PBXFileReference; fileEncoding = 4; lastKnownFileType = text.html; path = ejemplo2.html; sourceTree = "<group>"; };
		2FC67B021CFD4333A19D9EDA /* Pods-Catenaxio.release.xcconfig */ = {isa = PBXFileReference; includeInIndex = 1; lastKnownFileType = text.xcconfig; name = "Pods-Catenaxio.release.xcconfig"; path = "Pods/Target Support Files/Pods-Catenaxio/Pods-Catenaxio.release.xcconfig"; sourceTree = "<group>"; };
		8D338289B2B9331D6E4C593B /* Pods-Catenaxio.debug.xcconfig */ = {isa = PBXFileReference; includeInIndex = 1; lastKnownFileType = text.xcconfig; name = "Pods-Catenaxio.debug.xcconfig"; path = "Pods/Target Support Files/Pods-Catenaxio/Pods-Catenaxio.debug.xcconfig"; sourceTree = "<group>"; };
		E8187ED9C3CA52807DC92023 /* libPods-Catenaxio.a */ = {isa = PBXFileReference; explicitFileType = archive.ar; includeInIndex = 0; path = "libPods-Catenaxio.a"; sourceTree = BUILT_PRODUCTS_DIR; };
/* End PBXFileReference section */

/* Begin PBXFrameworksBuildPhase section */
		1E58175E1D351F55004C0FC0 /* Frameworks */ = {
			isa = PBXFrameworksBuildPhase;
			buildActionMask = 2147483647;
			files = (
				DFF8A923070808A2EA0A7A94 /* libPods-Catenaxio.a in Frameworks */,
			);
			runOnlyForDeploymentPostprocessing = 0;
		};
		1E5817721D351F55004C0FC0 /* Frameworks */ = {
			isa = PBXFrameworksBuildPhase;
			buildActionMask = 2147483647;
			files = (
			);
			runOnlyForDeploymentPostprocessing = 0;
		};
		1E58177D1D351F55004C0FC0 /* Frameworks */ = {
			isa = PBXFrameworksBuildPhase;
			buildActionMask = 2147483647;
			files = (
			);
			runOnlyForDeploymentPostprocessing = 0;
		};
/* End PBXFrameworksBuildPhase section */

/* Begin PBXGroup section */
		1E118A7C1D424013000BDE12 /* data */ = {
			isa = PBXGroup;
			children = (
				1E118A7E1D424063000BDE12 /* EstadisticasModel.swift */,
				1E118A801D42465F000BDE12 /* Estadisticas.plist */,
			);
			name = data;
			sourceTree = "<group>";
		};
		1E118A7D1D424017000BDE12 /* interfaz */ = {
			isa = PBXGroup;
			children = (
				1E99E1981D476D5E00E1D355 /* header */,
				1E1A2D931D47585600CABEFA /* cells */,
			);
			name = interfaz;
			sourceTree = "<group>";
		};
		1E1A2D931D47585600CABEFA /* cells */ = {
			isa = PBXGroup;
			children = (
				1E1A2D941D47586B00CABEFA /* CatxCeldaEstadisticas.xib */,
				1E1A2D961D47589500CABEFA /* CatxCeldaEstadisticas.swift */,
			);
			name = cells;
			sourceTree = "<group>";
		};
		1E5424BF1D3F8DC700C14619 /* Network */ = {
			isa = PBXGroup;
			children = (
				1E5424C01D3F8DD700C14619 /* Reachability.swift */,
			);
			name = Network;
			sourceTree = "<group>";
		};
		1E57BBFC1D423D5B00707E6D /* Estadisticas */ = {
			isa = PBXGroup;
			children = (
				1E118A7D1D424017000BDE12 /* interfaz */,
				1E118A7C1D424013000BDE12 /* data */,
				1E57BBFD1D423DF400707E6D /* CatxEstadisticas.swift */,
			);
			name = Estadisticas;
			sourceTree = "<group>";
		};
		1E5817581D351F55004C0FC0 = {
			isa = PBXGroup;
			children = (
				1E5817631D351F55004C0FC0 /* Catenaxio */,
				1E5817781D351F55004C0FC0 /* CatenaxioTests */,
				1E5817831D351F55004C0FC0 /* CatenaxioUITests */,
				1E5817621D351F55004C0FC0 /* Products */,
				C497A130B6957D0217B075E9 /* Pods */,
				B982B92DD2EF26BC8EB0B834 /* Frameworks */,
			);
			sourceTree = "<group>";
		};
		1E5817621D351F55004C0FC0 /* Products */ = {
			isa = PBXGroup;
			children = (
				1E5817611D351F55004C0FC0 /* Catenaxio.app */,
				1E5817751D351F55004C0FC0 /* CatenaxioTests.xctest */,
				1E5817801D351F55004C0FC0 /* CatenaxioUITests.xctest */,
			);
			name = Products;
			sourceTree = "<group>";
		};
		1E5817631D351F55004C0FC0 /* Catenaxio */ = {
			isa = PBXGroup;
			children = (
				1E99E19D1D47726700E1D355 /* ImagenesJugador */,
				1E5424BF1D3F8DC700C14619 /* Network */,
				1E6D0E171D3E168E00A1F970 /* storyboards */,
				1E6D0E161D3E168800A1F970 /* Controladores */,
				1E5817641D351F55004C0FC0 /* AppDelegate.swift */,
				1E5817661D351F55004C0FC0 /* ViewController.swift */,
				1E58176B1D351F55004C0FC0 /* Assets.xcassets */,
				1E58176D1D351F55004C0FC0 /* LaunchScreen.storyboard */,
				1E5817701D351F55004C0FC0 /* Info.plist */,
				1E5C31461D489E4E00FAB93F /* GoogleService-Info.plist */,
			);
			path = Catenaxio;
			sourceTree = "<group>";
		};
		1E5817781D351F55004C0FC0 /* CatenaxioTests */ = {
			isa = PBXGroup;
			children = (
				1E5817791D351F55004C0FC0 /* CatenaxioTests.swift */,
				1E58177B1D351F55004C0FC0 /* Info.plist */,
			);
			path = CatenaxioTests;
			sourceTree = "<group>";
		};
		1E5817831D351F55004C0FC0 /* CatenaxioUITests */ = {
			isa = PBXGroup;
			children = (
				1E5817841D351F55004C0FC0 /* CatenaxioUITests.swift */,
				1E5817861D351F55004C0FC0 /* Info.plist */,
			);
			path = CatenaxioUITests;
			sourceTree = "<group>";
		};
		1E6D0E161D3E168800A1F970 /* Controladores */ = {
			isa = PBXGroup;
			children = (
				21C340431D4E098B007B85D7 /* WebGraphic */,
				1ED133431D49FEBD00E5877E /* Clasificacion */,
				1E57BBFC1D423D5B00707E6D /* Estadisticas */,
				1EDF170B1D3E1DDE00A34935 /* Calendario */,
				1EDF17081D3E1D2C00A34935 /* TabBarController */,
			);
			name = Controladores;
			sourceTree = "<group>";
		};
		1E6D0E171D3E168E00A1F970 /* storyboards */ = {
			isa = PBXGroup;
			children = (
				1E5817681D351F55004C0FC0 /* Main.storyboard */,
			);
			name = storyboards;
			sourceTree = "<group>";
		};
		1E99E1981D476D5E00E1D355 /* header */ = {
			isa = PBXGroup;
			children = (
				1E99E1991D476D7100E1D355 /* CatxHeaderEstadisticas.swift */,
				1E99E19B1D476D8100E1D355 /* CatxHeaderEstadisticas.xib */,
			);
			name = header;
			sourceTree = "<group>";
		};
		1E99E19D1D47726700E1D355 /* ImagenesJugador */ = {
			isa = PBXGroup;
			children = (
				1E99E19E1D4772A000E1D355 /* CatxImagenJugador.swift */,
			);
			name = ImagenesJugador;
			sourceTree = "<group>";
		};
		1ED133431D49FEBD00E5877E /* Clasificacion */ = {
			isa = PBXGroup;
			children = (
				1ED133441D4A000400E5877E /* CatxClasificacion.swift */,
			);
			name = Clasificacion;
			sourceTree = "<group>";
		};
		1EDF17081D3E1D2C00A34935 /* TabBarController */ = {
			isa = PBXGroup;
			children = (
				1EDF17091D3E1D6100A34935 /* CatxTabBarController.swift */,
			);
			name = TabBarController;
			sourceTree = "<group>";
		};
		1EDF170B1D3E1DDE00A34935 /* Calendario */ = {
			isa = PBXGroup;
			children = (
				1EDF17141D3E27C800A34935 /* data */,
				1EDF170E1D3E230400A34935 /* interfaz */,
				1EDF170C1D3E228200A34935 /* CatxCalendario.swift */,
			);
			name = Calendario;
			sourceTree = "<group>";
		};
		1EDF170E1D3E230400A34935 /* interfaz */ = {
			isa = PBXGroup;
			children = (
				1EDF170F1D3E230C00A34935 /* cells */,
			);
			name = interfaz;
			sourceTree = "<group>";
		};
		1EDF170F1D3E230C00A34935 /* cells */ = {
			isa = PBXGroup;
			children = (
				1EDF17101D3E234C00A34935 /* CatxCeldaCalendario.swift */,
				1EDF17111D3E234C00A34935 /* CatxCeldaCalendario.xib */,
			);
			name = cells;
			sourceTree = "<group>";
		};
		1EDF17141D3E27C800A34935 /* data */ = {
			isa = PBXGroup;
			children = (
				1EDF17151D3E27DB00A34935 /* Calendario.plist */,
				1EDF17171D3E2BCD00A34935 /* CalendarioModel.swift */,
				1EB9C5131D3F7641009DC3C8 /* CalendarioModeloFirebase.swift */,
			);
			name = data;
			sourceTree = "<group>";
		};
		21C340431D4E098B007B85D7 /* WebGraphic */ = {
			isa = PBXGroup;
			children = (
				21C340481D4E0D9B007B85D7 /* html */,
				21C340441D4E09C3007B85D7 /* CatxWebGrafica.swift */,
				21C340451D4E09C3007B85D7 /* CatxWebGrafica.xib */,
			);
			name = WebGraphic;
			sourceTree = "<group>";
		};
		21C340481D4E0D9B007B85D7 /* html */ = {
			isa = PBXGroup;
			children = (
				21C3404B1D4E0FDD007B85D7 /* ejemplo2.html */,
				21C340491D4E0DBC007B85D7 /* ejemplo3.html */,
			);
			name = html;
			sourceTree = "<group>";
		};
		B982B92DD2EF26BC8EB0B834 /* Frameworks */ = {
			isa = PBXGroup;
			children = (
				E8187ED9C3CA52807DC92023 /* libPods-Catenaxio.a */,
			);
			name = Frameworks;
			sourceTree = "<group>";
		};
		C497A130B6957D0217B075E9 /* Pods */ = {
			isa = PBXGroup;
			children = (
				8D338289B2B9331D6E4C593B /* Pods-Catenaxio.debug.xcconfig */,
				2FC67B021CFD4333A19D9EDA /* Pods-Catenaxio.release.xcconfig */,
			);
			name = Pods;
			sourceTree = "<group>";
		};
/* End PBXGroup section */

/* Begin PBXNativeTarget section */
		1E5817601D351F55004C0FC0 /* Catenaxio */ = {
			isa = PBXNativeTarget;
			buildConfigurationList = 1E5817891D351F55004C0FC0 /* Build configuration list for PBXNativeTarget "Catenaxio" */;
			buildPhases = (
				2F1C53A8A03CEE26280C2035 /* [CP] Check Pods Manifest.lock */,
				1E58175D1D351F55004C0FC0 /* Sources */,
				1E58175E1D351F55004C0FC0 /* Frameworks */,
				1E58175F1D351F55004C0FC0 /* Resources */,
				DF3BF32FD6446E2924B6B872 /* [CP] Embed Pods Frameworks */,
				22F28A19F01549E1275C0673 /* [CP] Copy Pods Resources */,
			);
			buildRules = (
			);
			dependencies = (
			);
			name = Catenaxio;
			productName = Catenaxio;
			productReference = 1E5817611D351F55004C0FC0 /* Catenaxio.app */;
			productType = "com.apple.product-type.application";
		};
		1E5817741D351F55004C0FC0 /* CatenaxioTests */ = {
			isa = PBXNativeTarget;
			buildConfigurationList = 1E58178C1D351F55004C0FC0 /* Build configuration list for PBXNativeTarget "CatenaxioTests" */;
			buildPhases = (
				1E5817711D351F55004C0FC0 /* Sources */,
				1E5817721D351F55004C0FC0 /* Frameworks */,
				1E5817731D351F55004C0FC0 /* Resources */,
			);
			buildRules = (
			);
			dependencies = (
				1E5817771D351F55004C0FC0 /* PBXTargetDependency */,
			);
			name = CatenaxioTests;
			productName = CatenaxioTests;
			productReference = 1E5817751D351F55004C0FC0 /* CatenaxioTests.xctest */;
			productType = "com.apple.product-type.bundle.unit-test";
		};
		1E58177F1D351F55004C0FC0 /* CatenaxioUITests */ = {
			isa = PBXNativeTarget;
			buildConfigurationList = 1E58178F1D351F55004C0FC0 /* Build configuration list for PBXNativeTarget "CatenaxioUITests" */;
			buildPhases = (
				1E58177C1D351F55004C0FC0 /* Sources */,
				1E58177D1D351F55004C0FC0 /* Frameworks */,
				1E58177E1D351F55004C0FC0 /* Resources */,
			);
			buildRules = (
			);
			dependencies = (
				1E5817821D351F55004C0FC0 /* PBXTargetDependency */,
			);
			name = CatenaxioUITests;
			productName = CatenaxioUITests;
			productReference = 1E5817801D351F55004C0FC0 /* CatenaxioUITests.xctest */;
			productType = "com.apple.product-type.bundle.ui-testing";
		};
/* End PBXNativeTarget section */

/* Begin PBXProject section */
		1E5817591D351F55004C0FC0 /* Project object */ = {
			isa = PBXProject;
			attributes = {
				LastSwiftUpdateCheck = 0730;
				LastUpgradeCheck = 0730;
				ORGANIZATIONNAME = Hugh;
				TargetAttributes = {
					1E5817601D351F55004C0FC0 = {
						CreatedOnToolsVersion = 7.3.1;
						DevelopmentTeam = 6VCNHZ8PYX;
					};
					1E5817741D351F55004C0FC0 = {
						CreatedOnToolsVersion = 7.3.1;
						TestTargetID = 1E5817601D351F55004C0FC0;
					};
					1E58177F1D351F55004C0FC0 = {
						CreatedOnToolsVersion = 7.3.1;
						TestTargetID = 1E5817601D351F55004C0FC0;
					};
				};
			};
			buildConfigurationList = 1E58175C1D351F55004C0FC0 /* Build configuration list for PBXProject "Catenaxio" */;
			compatibilityVersion = "Xcode 3.2";
			developmentRegion = English;
			hasScannedForEncodings = 0;
			knownRegions = (
				en,
				Base,
			);
			mainGroup = 1E5817581D351F55004C0FC0;
			productRefGroup = 1E5817621D351F55004C0FC0 /* Products */;
			projectDirPath = "";
			projectRoot = "";
			targets = (
				1E5817601D351F55004C0FC0 /* Catenaxio */,
				1E5817741D351F55004C0FC0 /* CatenaxioTests */,
				1E58177F1D351F55004C0FC0 /* CatenaxioUITests */,
			);
		};
/* End PBXProject section */

/* Begin PBXResourcesBuildPhase section */
		1E58175F1D351F55004C0FC0 /* Resources */ = {
			isa = PBXResourcesBuildPhase;
			buildActionMask = 2147483647;
			files = (
				1E58176F1D351F55004C0FC0 /* LaunchScreen.storyboard in Resources */,
				1E58176C1D351F55004C0FC0 /* Assets.xcassets in Resources */,
				21C3404C1D4E0FDD007B85D7 /* ejemplo2.html in Resources */,
				1E5C31471D489E4E00FAB93F /* GoogleService-Info.plist in Resources */,
				1E58176A1D351F55004C0FC0 /* Main.storyboard in Resources */,
				21C340471D4E09C3007B85D7 /* CatxWebGrafica.xib in Resources */,
				1EDF17161D3E27DB00A34935 /* Calendario.plist in Resources */,
				1E1A2D951D47586B00CABEFA /* CatxCeldaEstadisticas.xib in Resources */,
				21C3404A1D4E0DBC007B85D7 /* ejemplo3.html in Resources */,
				1E118A811D42465F000BDE12 /* Estadisticas.plist in Resources */,
				1EDF17131D3E234C00A34935 /* CatxCeldaCalendario.xib in Resources */,
				1E99E19C1D476D8100E1D355 /* CatxHeaderEstadisticas.xib in Resources */,
			);
			runOnlyForDeploymentPostprocessing = 0;
		};
		1E5817731D351F55004C0FC0 /* Resources */ = {
			isa = PBXResourcesBuildPhase;
			buildActionMask = 2147483647;
			files = (
			);
			runOnlyForDeploymentPostprocessing = 0;
		};
		1E58177E1D351F55004C0FC0 /* Resources */ = {
			isa = PBXResourcesBuildPhase;
			buildActionMask = 2147483647;
			files = (
			);
			runOnlyForDeploymentPostprocessing = 0;
		};
/* End PBXResourcesBuildPhase section */

/* Begin PBXShellScriptBuildPhase section */
		22F28A19F01549E1275C0673 /* [CP] Copy Pods Resources */ = {
			isa = PBXShellScriptBuildPhase;
			buildActionMask = 2147483647;
			files = (
			);
			inputPaths = (
			);
			name = "[CP] Copy Pods Resources";
			outputPaths = (
			);
			runOnlyForDeploymentPostprocessing = 0;
			shellPath = /bin/sh;
			shellScript = "\"${SRCROOT}/Pods/Target Support Files/Pods-Catenaxio/Pods-Catenaxio-resources.sh\"\n";
			showEnvVarsInLog = 0;
		};
		2F1C53A8A03CEE26280C2035 /* [CP] Check Pods Manifest.lock */ = {
			isa = PBXShellScriptBuildPhase;
			buildActionMask = 2147483647;
			files = (
			);
			inputPaths = (
			);
			name = "[CP] Check Pods Manifest.lock";
			outputPaths = (
			);
			runOnlyForDeploymentPostprocessing = 0;
			shellPath = /bin/sh;
			shellScript = "diff \"${PODS_ROOT}/../Podfile.lock\" \"${PODS_ROOT}/Manifest.lock\" > /dev/null\nif [[ $? != 0 ]] ; then\n    cat << EOM\nerror: The sandbox is not in sync with the Podfile.lock. Run 'pod install' or update your CocoaPods installation.\nEOM\n    exit 1\nfi\n";
			showEnvVarsInLog = 0;
		};
		DF3BF32FD6446E2924B6B872 /* [CP] Embed Pods Frameworks */ = {
			isa = PBXShellScriptBuildPhase;
			buildActionMask = 2147483647;
			files = (
			);
			inputPaths = (
			);
			name = "[CP] Embed Pods Frameworks";
			outputPaths = (
			);
			runOnlyForDeploymentPostprocessing = 0;
			shellPath = /bin/sh;
			shellScript = "\"${SRCROOT}/Pods/Target Support Files/Pods-Catenaxio/Pods-Catenaxio-frameworks.sh\"\n";
			showEnvVarsInLog = 0;
		};
/* End PBXShellScriptBuildPhase section */

/* Begin PBXSourcesBuildPhase section */
		1E58175D1D351F55004C0FC0 /* Sources */ = {
			isa = PBXSourcesBuildPhase;
			buildActionMask = 2147483647;
			files = (
				1E5817671D351F55004C0FC0 /* ViewController.swift in Sources */,
				1EDF170D1D3E228200A34935 /* CatxCalendario.swift in Sources */,
				1E5817651D351F55004C0FC0 /* AppDelegate.swift in Sources */,
				1EDF17181D3E2BCD00A34935 /* CalendarioModel.swift in Sources */,
				1ED133461D4A000400E5877E /* CatxClasificacion.swift in Sources */,
				1E57BBFE1D423DF400707E6D /* CatxEstadisticas.swift in Sources */,
				1E99E19F1D4772A000E1D355 /* CatxImagenJugador.swift in Sources */,
				1E99E19A1D476D7100E1D355 /* CatxHeaderEstadisticas.swift in Sources */,
				1EB9C5141D3F7641009DC3C8 /* CalendarioModeloFirebase.swift in Sources */,
				1EDF17121D3E234C00A34935 /* CatxCeldaCalendario.swift in Sources */,
				21C340461D4E09C3007B85D7 /* CatxWebGrafica.swift in Sources */,
				1E5424C11D3F8DD700C14619 /* Reachability.swift in Sources */,
				1E118A7F1D424063000BDE12 /* EstadisticasModel.swift in Sources */,
				1EDF170A1D3E1D6100A34935 /* CatxTabBarController.swift in Sources */,
				1E1A2D971D47589500CABEFA /* CatxCeldaEstadisticas.swift in Sources */,
			);
			runOnlyForDeploymentPostprocessing = 0;
		};
		1E5817711D351F55004C0FC0 /* Sources */ = {
			isa = PBXSourcesBuildPhase;
			buildActionMask = 2147483647;
			files = (
				1E58177A1D351F55004C0FC0 /* CatenaxioTests.swift in Sources */,
			);
			runOnlyForDeploymentPostprocessing = 0;
		};
		1E58177C1D351F55004C0FC0 /* Sources */ = {
			isa = PBXSourcesBuildPhase;
			buildActionMask = 2147483647;
			files = (
				1E5817851D351F55004C0FC0 /* CatenaxioUITests.swift in Sources */,
			);
			runOnlyForDeploymentPostprocessing = 0;
		};
/* End PBXSourcesBuildPhase section */

/* Begin PBXTargetDependency section */
		1E5817771D351F55004C0FC0 /* PBXTargetDependency */ = {
			isa = PBXTargetDependency;
			target = 1E5817601D351F55004C0FC0 /* Catenaxio */;
			targetProxy = 1E5817761D351F55004C0FC0 /* PBXContainerItemProxy */;
		};
		1E5817821D351F55004C0FC0 /* PBXTargetDependency */ = {
			isa = PBXTargetDependency;
			target = 1E5817601D351F55004C0FC0 /* Catenaxio */;
			targetProxy = 1E5817811D351F55004C0FC0 /* PBXContainerItemProxy */;
		};
/* End PBXTargetDependency section */

/* Begin PBXVariantGroup section */
		1E5817681D351F55004C0FC0 /* Main.storyboard */ = {
			isa = PBXVariantGroup;
			children = (
				1E5817691D351F55004C0FC0 /* Base */,
			);
			name = Main.storyboard;
			sourceTree = "<group>";
		};
		1E58176D1D351F55004C0FC0 /* LaunchScreen.storyboard */ = {
			isa = PBXVariantGroup;
			children = (
				1E58176E1D351F55004C0FC0 /* Base */,
			);
			name = LaunchScreen.storyboard;
			sourceTree = "<group>";
		};
/* End PBXVariantGroup section */

/* Begin XCBuildConfiguration section */
		1E5817871D351F55004C0FC0 /* Debug */ = {
			isa = XCBuildConfiguration;
			buildSettings = {
				ALWAYS_SEARCH_USER_PATHS = NO;
				CLANG_ANALYZER_NONNULL = YES;
				CLANG_CXX_LANGUAGE_STANDARD = "gnu++0x";
				CLANG_CXX_LIBRARY = "libc++";
				CLANG_ENABLE_MODULES = YES;
				CLANG_ENABLE_OBJC_ARC = YES;
				CLANG_WARN_BOOL_CONVERSION = YES;
				CLANG_WARN_CONSTANT_CONVERSION = YES;
				CLANG_WARN_DIRECT_OBJC_ISA_USAGE = YES_ERROR;
				CLANG_WARN_EMPTY_BODY = YES;
				CLANG_WARN_ENUM_CONVERSION = YES;
				CLANG_WARN_INT_CONVERSION = YES;
				CLANG_WARN_OBJC_ROOT_CLASS = YES_ERROR;
				CLANG_WARN_UNREACHABLE_CODE = YES;
				CLANG_WARN__DUPLICATE_METHOD_MATCH = YES;
				"CODE_SIGN_IDENTITY[sdk=iphoneos*]" = "iPhone Developer";
				COPY_PHASE_STRIP = NO;
				DEBUG_INFORMATION_FORMAT = dwarf;
				ENABLE_STRICT_OBJC_MSGSEND = YES;
				ENABLE_TESTABILITY = YES;
				GCC_C_LANGUAGE_STANDARD = gnu99;
				GCC_DYNAMIC_NO_PIC = NO;
				GCC_NO_COMMON_BLOCKS = YES;
				GCC_OPTIMIZATION_LEVEL = 0;
				GCC_PREPROCESSOR_DEFINITIONS = (
					"DEBUG=1",
					"$(inherited)",
				);
				GCC_WARN_64_TO_32_BIT_CONVERSION = YES;
				GCC_WARN_ABOUT_RETURN_TYPE = YES_ERROR;
				GCC_WARN_UNDECLARED_SELECTOR = YES;
				GCC_WARN_UNINITIALIZED_AUTOS = YES_AGGRESSIVE;
				GCC_WARN_UNUSED_FUNCTION = YES;
				GCC_WARN_UNUSED_VARIABLE = YES;
				IPHONEOS_DEPLOYMENT_TARGET = 9.3;
				MTL_ENABLE_DEBUG_INFO = YES;
				ONLY_ACTIVE_ARCH = YES;
				SDKROOT = iphoneos;
				SWIFT_OPTIMIZATION_LEVEL = "-Onone";
				TARGETED_DEVICE_FAMILY = "1,2";
			};
			name = Debug;
		};
		1E5817881D351F55004C0FC0 /* Release */ = {
			isa = XCBuildConfiguration;
			buildSettings = {
				ALWAYS_SEARCH_USER_PATHS = NO;
				CLANG_ANALYZER_NONNULL = YES;
				CLANG_CXX_LANGUAGE_STANDARD = "gnu++0x";
				CLANG_CXX_LIBRARY = "libc++";
				CLANG_ENABLE_MODULES = YES;
				CLANG_ENABLE_OBJC_ARC = YES;
				CLANG_WARN_BOOL_CONVERSION = YES;
				CLANG_WARN_CONSTANT_CONVERSION = YES;
				CLANG_WARN_DIRECT_OBJC_ISA_USAGE = YES_ERROR;
				CLANG_WARN_EMPTY_BODY = YES;
				CLANG_WARN_ENUM_CONVERSION = YES;
				CLANG_WARN_INT_CONVERSION = YES;
				CLANG_WARN_OBJC_ROOT_CLASS = YES_ERROR;
				CLANG_WARN_UNREACHABLE_CODE = YES;
				CLANG_WARN__DUPLICATE_METHOD_MATCH = YES;
				"CODE_SIGN_IDENTITY[sdk=iphoneos*]" = "iPhone Developer";
				COPY_PHASE_STRIP = NO;
				DEBUG_INFORMATION_FORMAT = "dwarf-with-dsym";
				ENABLE_NS_ASSERTIONS = NO;
				ENABLE_STRICT_OBJC_MSGSEND = YES;
				GCC_C_LANGUAGE_STANDARD = gnu99;
				GCC_NO_COMMON_BLOCKS = YES;
				GCC_WARN_64_TO_32_BIT_CONVERSION = YES;
				GCC_WARN_ABOUT_RETURN_TYPE = YES_ERROR;
				GCC_WARN_UNDECLARED_SELECTOR = YES;
				GCC_WARN_UNINITIALIZED_AUTOS = YES_AGGRESSIVE;
				GCC_WARN_UNUSED_FUNCTION = YES;
				GCC_WARN_UNUSED_VARIABLE = YES;
				IPHONEOS_DEPLOYMENT_TARGET = 9.3;
				MTL_ENABLE_DEBUG_INFO = NO;
				SDKROOT = iphoneos;
				TARGETED_DEVICE_FAMILY = "1,2";
				VALIDATE_PRODUCT = YES;
			};
			name = Release;
		};
		1E58178A1D351F55004C0FC0 /* Debug */ = {
			isa = XCBuildConfiguration;
			baseConfigurationReference = 8D338289B2B9331D6E4C593B /* Pods-Catenaxio.debug.xcconfig */;
			buildSettings = {
				ASSETCATALOG_COMPILER_APPICON_NAME = AppIcon;
				CODE_SIGN_IDENTITY = "iPhone Developer";
				"CODE_SIGN_IDENTITY[sdk=iphoneos*]" = "iPhone Developer";
				INFOPLIST_FILE = Catenaxio/Info.plist;
				LD_RUNPATH_SEARCH_PATHS = "$(inherited) @executable_path/Frameworks";
				PRODUCT_BUNDLE_IDENTIFIER = catenaxio.Catenaxio;
				PRODUCT_NAME = "$(TARGET_NAME)";
				PROVISIONING_PROFILE = "";
			};
			name = Debug;
		};
		1E58178B1D351F55004C0FC0 /* Release */ = {
			isa = XCBuildConfiguration;
			baseConfigurationReference = 2FC67B021CFD4333A19D9EDA /* Pods-Catenaxio.release.xcconfig */;
			buildSettings = {
				ASSETCATALOG_COMPILER_APPICON_NAME = AppIcon;
				CODE_SIGN_IDENTITY = "iPhone Developer";
				"CODE_SIGN_IDENTITY[sdk=iphoneos*]" = "iPhone Developer";
				INFOPLIST_FILE = Catenaxio/Info.plist;
				LD_RUNPATH_SEARCH_PATHS = "$(inherited) @executable_path/Frameworks";
				PRODUCT_BUNDLE_IDENTIFIER = catenaxio.Catenaxio;
				PRODUCT_NAME = "$(TARGET_NAME)";
				PROVISIONING_PROFILE = "";
			};
			name = Release;
		};
		1E58178D1D351F55004C0FC0 /* Debug */ = {
			isa = XCBuildConfiguration;
			buildSettings = {
				BUNDLE_LOADER = "$(TEST_HOST)";
				INFOPLIST_FILE = CatenaxioTests/Info.plist;
				LD_RUNPATH_SEARCH_PATHS = "$(inherited) @executable_path/Frameworks @loader_path/Frameworks";
				PRODUCT_BUNDLE_IDENTIFIER = catenaxio.CatenaxioTests;
				PRODUCT_NAME = "$(TARGET_NAME)";
				TEST_HOST = "$(BUILT_PRODUCTS_DIR)/Catenaxio.app/Catenaxio";
			};
			name = Debug;
		};
		1E58178E1D351F55004C0FC0 /* Release */ = {
			isa = XCBuildConfiguration;
			buildSettings = {
				BUNDLE_LOADER = "$(TEST_HOST)";
				INFOPLIST_FILE = CatenaxioTests/Info.plist;
				LD_RUNPATH_SEARCH_PATHS = "$(inherited) @executable_path/Frameworks @loader_path/Frameworks";
				PRODUCT_BUNDLE_IDENTIFIER = catenaxio.CatenaxioTests;
				PRODUCT_NAME = "$(TARGET_NAME)";
				TEST_HOST = "$(BUILT_PRODUCTS_DIR)/Catenaxio.app/Catenaxio";
			};
			name = Release;
		};
		1E5817901D351F55004C0FC0 /* Debug */ = {
			isa = XCBuildConfiguration;
			buildSettings = {
				INFOPLIST_FILE = CatenaxioUITests/Info.plist;
				LD_RUNPATH_SEARCH_PATHS = "$(inherited) @executable_path/Frameworks @loader_path/Frameworks";
				PRODUCT_BUNDLE_IDENTIFIER = catenaxio.CatenaxioUITests;
				PRODUCT_NAME = "$(TARGET_NAME)";
				TEST_TARGET_NAME = Catenaxio;
			};
			name = Debug;
		};
		1E5817911D351F55004C0FC0 /* Release */ = {
			isa = XCBuildConfiguration;
			buildSettings = {
				INFOPLIST_FILE = CatenaxioUITests/Info.plist;
				LD_RUNPATH_SEARCH_PATHS = "$(inherited) @executable_path/Frameworks @loader_path/Frameworks";
				PRODUCT_BUNDLE_IDENTIFIER = catenaxio.CatenaxioUITests;
				PRODUCT_NAME = "$(TARGET_NAME)";
				TEST_TARGET_NAME = Catenaxio;
			};
			name = Release;
		};
/* End XCBuildConfiguration section */

/* Begin XCConfigurationList section */
		1E58175C1D351F55004C0FC0 /* Build configuration list for PBXProject "Catenaxio" */ = {
			isa = XCConfigurationList;
			buildConfigurations = (
				1E5817871D351F55004C0FC0 /* Debug */,
				1E5817881D351F55004C0FC0 /* Release */,
			);
			defaultConfigurationIsVisible = 0;
			defaultConfigurationName = Release;
		};
		1E5817891D351F55004C0FC0 /* Build configuration list for PBXNativeTarget "Catenaxio" */ = {
			isa = XCConfigurationList;
			buildConfigurations = (
				1E58178A1D351F55004C0FC0 /* Debug */,
				1E58178B1D351F55004C0FC0 /* Release */,
			);
			defaultConfigurationIsVisible = 0;
			defaultConfigurationName = Release;
		};
		1E58178C1D351F55004C0FC0 /* Build configuration list for PBXNativeTarget "CatenaxioTests" */ = {
			isa = XCConfigurationList;
			buildConfigurations = (
				1E58178D1D351F55004C0FC0 /* Debug */,
				1E58178E1D351F55004C0FC0 /* Release */,
			);
			defaultConfigurationIsVisible = 0;
			defaultConfigurationName = Release;
		};
		1E58178F1D351F55004C0FC0 /* Build configuration list for PBXNativeTarget "CatenaxioUITests" */ = {
			isa = XCConfigurationList;
			buildConfigurations = (
				1E5817901D351F55004C0FC0 /* Debug */,
				1E5817911D351F55004C0FC0 /* Release */,
			);
			defaultConfigurationIsVisible = 0;
			defaultConfigurationName = Release;
		};
/* End XCConfigurationList section */
	};
	rootObject = 1E5817591D351F55004C0FC0 /* Project object */;
}
